// !$*UTF8*$!
{
	archiveVersion = 1;
	classes = {
	};
	objectVersion = 46;
	objects = {

/* Begin PBXBuildFile section */
		31B69C1E1BB2BC0900EC1908 /* main.m in Sources */ = {isa = PBXBuildFile; fileRef = 31B69C1D1BB2BC0900EC1908 /* main.m */; };
		31B69C211BB2BC0900EC1908 /* AppDelegate.m in Sources */ = {isa = PBXBuildFile; fileRef = 31B69C201BB2BC0900EC1908 /* AppDelegate.m */; };
		31B69C291BB2BC0900EC1908 /* Assets.xcassets in Resources */ = {isa = PBXBuildFile; fileRef = 31B69C281BB2BC0900EC1908 /* Assets.xcassets */; };
		31B69C341BB2BD4A00EC1908 /* Launch Screen.storyboard in Resources */ = {isa = PBXBuildFile; fileRef = 31B69C331BB2BD4A00EC1908 /* Launch Screen.storyboard */; settings = {ASSET_TAGS = (); }; };
		31B69C371BB2BD9E00EC1908 /* TestController.m in Sources */ = {isa = PBXBuildFile; fileRef = 31B69C361BB2BD9E00EC1908 /* TestController.m */; settings = {ASSET_TAGS = (); }; };
		31B69C3A1BB2BE5900EC1908 /* ScrollPickerView.m in Sources */ = {isa = PBXBuildFile; fileRef = 31B69C391BB2BE5900EC1908 /* ScrollPickerView.m */; settings = {ASSET_TAGS = (); }; };
/* End PBXBuildFile section */

/* Begin PBXFileReference section */
		31B69C191BB2BC0900EC1908 /* iOSScrollPicker.app */ = {isa = PBXFileReference; explicitFileType = wrapper.application; includeInIndex = 0; path = iOSScrollPicker.app; sourceTree = BUILT_PRODUCTS_DIR; };
		31B69C1D1BB2BC0900EC1908 /* main.m */ = {isa = PBXFileReference; lastKnownFileType = sourcecode.c.objc; path = main.m; sourceTree = "<group>"; };
		31B69C1F1BB2BC0900EC1908 /* AppDelegate.h */ = {isa = PBXFileReference; lastKnownFileType = sourcecode.c.h; path = AppDelegate.h; sourceTree = "<group>"; };
		31B69C201BB2BC0900EC1908 /* AppDelegate.m */ = {isa = PBXFileReference; lastKnownFileType = sourcecode.c.objc; path = AppDelegate.m; sourceTree = "<group>"; };
		31B69C281BB2BC0900EC1908 /* Assets.xcassets */ = {isa = PBXFileReference; lastKnownFileType = folder.assetcatalog; path = Assets.xcassets; sourceTree = "<group>"; };
		31B69C2D1BB2BC0900EC1908 /* Info.plist */ = {isa = PBXFileReference; lastKnownFileType = text.plist.xml; path = Info.plist; sourceTree = "<group>"; };
		31B69C331BB2BD4A00EC1908 /* Launch Screen.storyboard */ = {isa = PBXFileReference; fileEncoding = 4; lastKnownFileType = file.storyboard; path = "Launch Screen.storyboard"; sourceTree = "<group>"; };
		31B69C351BB2BD9E00EC1908 /* TestController.h */ = {isa = PBXFileReference; fileEncoding = 4; lastKnownFileType = sourcecode.c.h; path = TestController.h; sourceTree = "<group>"; };
		31B69C361BB2BD9E00EC1908 /* TestController.m */ = {isa = PBXFileReference; fileEncoding = 4; lastKnownFileType = sourcecode.c.objc; path = TestController.m; sourceTree = "<group>"; };
		31B69C381BB2BE5900EC1908 /* ScrollPickerView.h */ = {isa = PBXFileReference; fileEncoding = 4; lastKnownFileType = sourcecode.c.h; path = ScrollPickerView.h; sourceTree = "<group>"; };
		31B69C391BB2BE5900EC1908 /* ScrollPickerView.m */ = {isa = PBXFileReference; fileEncoding = 4; lastKnownFileType = sourcecode.c.objc; path = ScrollPickerView.m; sourceTree = "<group>"; };
/* End PBXFileReference section */

/* Begin PBXFrameworksBuildPhase section */
		31B69C161BB2BC0900EC1908 /* Frameworks */ = {
			isa = PBXFrameworksBuildPhase;
			buildActionMask = 2147483647;
			files = (
			);
			runOnlyForDeploymentPostprocessing = 0;
		};
/* End PBXFrameworksBuildPhase section */

/* Begin PBXGroup section */
		31B69C101BB2BC0900EC1908 = {
			isa = PBXGroup;
			children = (
				31B69C1B1BB2BC0900EC1908 /* iOSScrollPicker */,
				31B69C1A1BB2BC0900EC1908 /* Products */,
			);
			sourceTree = "<group>";
		};
		31B69C1A1BB2BC0900EC1908 /* Products */ = {
			isa = PBXGroup;
			children = (
				31B69C191BB2BC0900EC1908 /* iOSScrollPicker.app */,
			);
			name = Products;
			sourceTree = "<group>";
		};
		31B69C1B1BB2BC0900EC1908 /* iOSScrollPicker */ = {
			isa = PBXGroup;
			children = (
				31B69C1F1BB2BC0900EC1908 /* AppDelegate.h */,
				31B69C201BB2BC0900EC1908 /* AppDelegate.m */,
				31B69C351BB2BD9E00EC1908 /* TestController.h */,
				31B69C361BB2BD9E00EC1908 /* TestController.m */,
				31B69C381BB2BE5900EC1908 /* ScrollPickerView.h */,
				31B69C391BB2BE5900EC1908 /* ScrollPickerView.m */,
				31B69C1C1BB2BC0900EC1908 /* Supporting Files */,
			);
			path = iOSScrollPicker;
			sourceTree = "<group>";
		};
		31B69C1C1BB2BC0900EC1908 /* Supporting Files */ = {
			isa = PBXGroup;
			children = (
				31B69C2D1BB2BC0900EC1908 /* Info.plist */,
				31B69C281BB2BC0900EC1908 /* Assets.xcassets */,
				31B69C1D1BB2BC0900EC1908 /* main.m */,
				31B69C331BB2BD4A00EC1908 /* Launch Screen.storyboard */,
			);
			name = "Supporting Files";
			sourceTree = "<group>";
		};
/* End PBXGroup section */

/* Begin PBXNativeTarget section */
		31B69C181BB2BC0900EC1908 /* iOSScrollPicker */ = {
			isa = PBXNativeTarget;
			buildConfigurationList = 31B69C301BB2BC0900EC1908 /* Build configuration list for PBXNativeTarget "iOSScrollPicker" */;
			buildPhases = (
				31B69C151BB2BC0900EC1908 /* Sources */,
				31B69C161BB2BC0900EC1908 /* Frameworks */,
				31B69C171BB2BC0900EC1908 /* Resources */,
			);
			buildRules = (
			);
			dependencies = (
			);
			name = iOSScrollPicker;
			productName = iOSScrollPicker;
			productReference = 31B69C191BB2BC0900EC1908 /* iOSScrollPicker.app */;
			productType = "com.apple.product-type.application";
		};
/* End PBXNativeTarget section */

/* Begin PBXProject section */
		31B69C111BB2BC0900EC1908 /* Project object */ = {
			isa = PBXProject;
			attributes = {
				LastUpgradeCheck = 0700;
				ORGANIZATIONNAME = ideawu;
				TargetAttributes = {
					31B69C181BB2BC0900EC1908 = {
						CreatedOnToolsVersion = 7.0;
					};
				};
			};
			buildConfigurationList = 31B69C141BB2BC0900EC1908 /* Build configuration list for PBXProject "iOSScrollPicker" */;
			compatibilityVersion = "Xcode 3.2";
			developmentRegion = English;
			hasScannedForEncodings = 0;
			knownRegions = (
				en,
				Base,
			);
			mainGroup = 31B69C101BB2BC0900EC1908;
			productRefGroup = 31B69C1A1BB2BC0900EC1908 /* Products */;
			projectDirPath = "";
			projectRoot = "";
			targets = (
				31B69C181BB2BC0900EC1908 /* iOSScrollPicker */,
			);
		};
/* End PBXProject section */

/* Begin PBXResourcesBuildPhase section */
		31B69C171BB2BC0900EC1908 /* Resources */ = {
			isa = PBXResourcesBuildPhase;
			buildActionMask = 2147483647;
			files = (
				31B69C341BB2BD4A00EC1908 /* Launch Screen.storyboard in Resources */,
				31B69C291BB2BC0900EC1908 /* Assets.xcassets in Resources */,
			);
			runOnlyForDeploymentPostprocessing = 0;
		};
/* End PBXResourcesBuildPhase section */

/* Begin PBXSourcesBuildPhase section */
		31B69C151BB2BC0900EC1908 /* Sources */ = {
			isa = PBXSourcesBuildPhase;
			buildActionMask = 2147483647;
			files = (
				31B69C211BB2BC0900EC1908 /* AppDelegate.m in Sources */,
				31B69C3A1BB2BE5900EC1908 /* ScrollPickerView.m in Sources */,
				31B69C371BB2BD9E00EC1908 /* TestController.m in Sources */,
				31B69C1E1BB2BC0900EC1908 /* main.m in Sources */,
			);
			runOnlyForDeploymentPostprocessing = 0;
		};
/* End PBXSourcesBuildPhase section */

/* Begin XCBuildConfiguration section */
		31B69C2E1BB2BC0900EC1908 /* Debug */ = {
			isa = XCBuildConfiguration;
			buildSettings = {
				ALWAYS_SEARCH_USER_PATHS = NO;
				CLANG_CXX_LANGUAGE_STANDARD = "gnu++0x";
				CLANG_CXX_LIBRARY = "libc++";
				CLANG_ENABLE_MODULES = YES;
				CLANG_ENABLE_OBJC_ARC = YES;
				CLANG_WARN_BOOL_CONVERSION = YES;
				CLANG_WARN_CONSTANT_CONVERSION = YES;
				CLANG_WARN_DIRECT_OBJC_ISA_USAGE = YES_ERROR;
				CLANG_WARN_EMPTY_BODY = YES;
				CLANG_WARN_ENUM_CONVERSION = YES;
				CLANG_WARN_INT_CONVERSION = YES;
				CLANG_WARN_OBJC_ROOT_CLASS = YES_ERROR;
				CLANG_WARN_UNREACHABLE_CODE = YES;
				CLANG_WARN__DUPLICATE_METHOD_MATCH = YES;
				"CODE_SIGN_IDENTITY[sdk=iphoneos*]" = "iPhone Developer";
				COPY_PHASE_STRIP = NO;
				DEBUG_INFORMATION_FORMAT = dwarf;
				ENABLE_STRICT_OBJC_MSGSEND = YES;
				ENABLE_TESTABILITY = YES;
				GCC_C_LANGUAGE_STANDARD = gnu99;
				GCC_DYNAMIC_NO_PIC = NO;
				GCC_NO_COMMON_BLOCKS = YES;
				GCC_OPTIMIZATION_LEVEL = 0;
				GCC_PREPROCESSOR_DEFINITIONS = (
					"DEBUG=1",
					"$(inherited)",
				);
				GCC_WARN_64_TO_32_BIT_CONVERSION = YES;
				GCC_WARN_ABOUT_RETURN_TYPE = YES_ERROR;
				GCC_WARN_UNDECLARED_SELECTOR = YES;
				GCC_WARN_UNINITIALIZED_AUTOS = YES_AGGRESSIVE;
				GCC_WARN_UNUSED_FUNCTION = YES;
				GCC_WARN_UNUSED_VARIABLE = YES;
				IPHONEOS_DEPLOYMENT_TARGET = 7.0;
				MTL_ENABLE_DEBUG_INFO = YES;
				ONLY_ACTIVE_ARCH = YES;
				SDKROOT = iphoneos;
				TARGETED_DEVICE_FAMILY = "1,2";
			};
			name = Debug;
		};
		31B69C2F1BB2BC0900EC1908 /* Release */ = {
			isa = XCBuildConfiguration;
			buildSettings = {
				ALWAYS_SEARCH_USER_PATHS = NO;
				CLANG_CXX_LANGUAGE_STANDARD = "gnu++0x";
				CLANG_CXX_LIBRARY = "libc++";
				CLANG_ENABLE_MODULES = YES;
				CLANG_ENABLE_OBJC_ARC = YES;
				CLANG_WARN_BOOL_CONVERSION = YES;
				CLANG_WARN_CONSTANT_CONVERSION = YES;
				CLANG_WARN_DIRECT_OBJC_ISA_USAGE = YES_ERROR;
				CLANG_WARN_EMPTY_BODY = YES;
				CLANG_WARN_ENUM_CONVERSION = YES;
				CLANG_WARN_INT_CONVERSION = YES;
				CLANG_WARN_OBJC_ROOT_CLASS = YES_ERROR;
				CLANG_WARN_UNREACHABLE_CODE = YES;
				CLANG_WARN__DUPLICATE_METHOD_MATCH = YES;
				"CODE_SIGN_IDENTITY[sdk=iphoneos*]" = "iPhone Developer";
				COPY_PHASE_STRIP = NO;
				DEBUG_INFORMATION_FORMAT = "dwarf-with-dsym";
				ENABLE_NS_ASSERTIONS = NO;
				ENABLE_STRICT_OBJC_MSGSEND = YES;
				GCC_C_LANGUAGE_STANDARD = gnu99;
				GCC_NO_COMMON_BLOCKS = YES;
				GCC_WARN_64_TO_32_BIT_CONVERSION = YES;
				GCC_WARN_ABOUT_RETURN_TYPE = YES_ERROR;
				GCC_WARN_UNDECLARED_SELECTOR = YES;
				GCC_WARN_UNINITIALIZED_AUTOS = YES_AGGRESSIVE;
				GCC_WARN_UNUSED_FUNCTION = YES;
				GCC_WARN_UNUSED_VARIABLE = YES;
				IPHONEOS_DEPLOYMENT_TARGET = 7.0;
				MTL_ENABLE_DEBUG_INFO = NO;
				SDKROOT = iphoneos;
				TARGETED_DEVICE_FAMILY = "1,2";
				VALIDATE_PRODUCT = YES;
			};
			name = Release;
		};
		31B69C311BB2BC0900EC1908 /* Debug */ = {
			isa = XCBuildConfiguration;
			buildSettings = {
				ASSETCATALOG_COMPILER_APPICON_NAME = AppIcon;
				ASSETCATALOG_COMPILER_LAUNCHIMAGE_NAME = BrandAsset;
				INFOPLIST_FILE = iOSScrollPicker/Info.plist;
				LD_RUNPATH_SEARCH_PATHS = "$(inherited) @executable_path/Frameworks";
				PRODUCT_BUNDLE_IDENTIFIER = com.ideawu.iOSScrollPicker;
				PRODUCT_NAME = "$(TARGET_NAME)";
			};
			name = Debug;
		};
		31B69C321BB2BC0900EC1908 /* Release */ = {
			isa = XCBuildConfiguration;
			buildSettings = {
				ASSETCATALOG_COMPILER_APPICON_NAME = AppIcon;
				ASSETCATALOG_COMPILER_LAUNCHIMAGE_NAME = BrandAsset;
				INFOPLIST_FILE = iOSScrollPicker/Info.plist;
				LD_RUNPATH_SEARCH_PATHS = "$(inherited) @executable_path/Frameworks";
				PRODUCT_BUNDLE_IDENTIFIER = com.ideawu.iOSScrollPicker;
				PRODUCT_NAME = "$(TARGET_NAME)";
			};
			name = Release;
		};
/* End XCBuildConfiguration section */

/* Begin XCConfigurationList section */
		31B69C141BB2BC0900EC1908 /* Build configuration list for PBXProject "iOSScrollPicker" */ = {
			isa = XCConfigurationList;
			buildConfigurations = (
				31B69C2E1BB2BC0900EC1908 /* Debug */,
				31B69C2F1BB2BC0900EC1908 /* Release */,
			);
			defaultConfigurationIsVisible = 0;
			defaultConfigurationName = Release;
		};
		31B69C301BB2BC0900EC1908 /* Build configuration list for PBXNativeTarget "iOSScrollPicker" */ = {
			isa = XCConfigurationList;
			buildConfigurations = (
				31B69C311BB2BC0900EC1908 /* Debug */,
				31B69C321BB2BC0900EC1908 /* Release */,
			);
			defaultConfigurationIsVisible = 0;
			defaultConfigurationName = Release;
		};
/* End XCConfigurationList section */
	};
	rootObject = 31B69C111BB2BC0900EC1908 /* Project object */;
}
